
Microsoft Visual Studio Solution File, Format Version 12.00
# Visual Studio Version 17
VisualStudioVersion = 17.10.34928.147
MinimumVisualStudioVersion = 10.0.40219.1
Project("{FAE04EC0-301F-11D3-BF4B-00C04F79EFBC}") = "symulacjafirmy", "symulacjafirmy\symulacjafirmy.csproj", "{F6944CD1-9D7B-4AF5-A40C-8970FF7BA96C}"
EndProject
Global
	GlobalSection(SolutionConfigurationPlatforms) = preSolution
		Debug|Any CPU = Debug|Any CPU
		Release|Any CPU = Release|Any CPU
	EndGlobalSection
	GlobalSection(ProjectConfigurationPlatforms) = postSolution
		{F6944CD1-9D7B-4AF5-A40C-8970FF7BA96C}.Debug|Any CPU.ActiveCfg = Debug|Any CPU
		{F6944CD1-9D7B-4AF5-A40C-8970FF7BA96C}.Debug|Any CPU.Build.0 = Debug|Any CPU
		{F6944CD1-9D7B-4AF5-A40C-8970FF7BA96C}.Release|Any CPU.ActiveCfg = Release|Any CPU
		{F6944CD1-9D7B-4AF5-A40C-8970FF7BA96C}.Release|Any CPU.Build.0 = Release|Any CPU
	EndGlobalSection
	GlobalSection(SolutionProperties) = preSolution
		HideSolutionNode = FALSE
	EndGlobalSection
	GlobalSection(ExtensibilityGlobals) = postSolution
		SolutionGuid = {F91DDD5E-B6D3-4DDD-8FF9-650471F016D7}
	EndGlobalSection
EndGlobal
